
Microsoft Visual Studio Solution File, Format Version 12.00
# Visual Studio Version 17
VisualStudioVersion = 17.4.33103.184
MinimumVisualStudioVersion = 10.0.40219.1
Project("{8BC9CEB8-8B4A-11D0-8D11-00A0C91BC942}") = "BFS and DFS", "BFS and DFS\BFS and DFS.vcxproj", "{C74252F5-4E66-4C92-B6B5-56409AE6046D}"
EndProject
Global
	GlobalSection(SolutionConfigurationPlatforms) = preSolution
		Debug|x64 = Debug|x64
		Debug|x86 = Debug|x86
		Release|x64 = Release|x64
		Release|x86 = Release|x86
	EndGlobalSection
	GlobalSection(ProjectConfigurationPlatforms) = postSolution
		{C74252F5-4E66-4C92-B6B5-56409AE6046D}.Debug|x64.ActiveCfg = Debug|x64
		{C74252F5-4E66-4C92-B6B5-56409AE6046D}.Debug|x64.Build.0 = Debug|x64
		{C74252F5-4E66-4C92-B6B5-56409AE6046D}.Debug|x86.ActiveCfg = Debug|Win32
		{C74252F5-4E66-4C92-B6B5-56409AE6046D}.Debug|x86.Build.0 = Debug|Win32
		{C74252F5-4E66-4C92-B6B5-56409AE6046D}.Release|x64.ActiveCfg = Release|x64
		{C74252F5-4E66-4C92-B6B5-56409AE6046D}.Release|x64.Build.0 = Release|x64
		{C74252F5-4E66-4C92-B6B5-56409AE6046D}.Release|x86.ActiveCfg = Release|Win32
		{C74252F5-4E66-4C92-B6B5-56409AE6046D}.Release|x86.Build.0 = Release|Win32
	EndGlobalSection
	GlobalSection(SolutionProperties) = preSolution
		HideSolutionNode = FALSE
	EndGlobalSection
	GlobalSection(ExtensibilityGlobals) = postSolution
		SolutionGuid = {16D8892B-A4E2-46C1-93A2-44BEA9BFA413}
	EndGlobalSection
EndGlobal
